// !$*UTF8*$!
{
	archiveVersion = 1;
	classes = {
	};
	objectVersion = 56;
	objects = {

/* Begin PBXBuildFile section */
		13E22BCF2BA2D6E100008F23 /* TicTacToe_GameApp.swift in Sources */ = {isa = PBXBuildFile; fileRef = 13E22BCE2BA2D6E100008F23 /* TicTacToe_GameApp.swift */; };
		13E22BD12BA2D6E100008F23 /* ContentView.swift in Sources */ = {isa = PBXBuildFile; fileRef = 13E22BD02BA2D6E100008F23 /* ContentView.swift */; };
		13E22BD32BA2D6E300008F23 /* Assets.xcassets in Resources */ = {isa = PBXBuildFile; fileRef = 13E22BD22BA2D6E300008F23 /* Assets.xcassets */; };
		13E22BD62BA2D6E300008F23 /* Preview Assets.xcassets in Resources */ = {isa = PBXBuildFile; fileRef = 13E22BD52BA2D6E300008F23 /* Preview Assets.xcassets */; };
		13E22BE02BA2D6E300008F23 /* TicTacToe_GameTests.swift in Sources */ = {isa = PBXBuildFile; fileRef = 13E22BDF2BA2D6E300008F23 /* TicTacToe_GameTests.swift */; };
		13E22BEA2BA2D6E300008F23 /* TicTacToe_GameUITests.swift in Sources */ = {isa = PBXBuildFile; fileRef = 13E22BE92BA2D6E300008F23 /* TicTacToe_GameUITests.swift */; };
		13E22BEC2BA2D6E300008F23 /* TicTacToe_GameUITestsLaunchTests.swift in Sources */ = {isa = PBXBuildFile; fileRef = 13E22BEB2BA2D6E300008F23 /* TicTacToe_GameUITestsLaunchTests.swift */; };
		13E22BF92BA2D9F900008F23 /* GameLogic.swift in Sources */ = {isa = PBXBuildFile; fileRef = 13E22BF82BA2D9F900008F23 /* GameLogic.swift */; };
/* End PBXBuildFile section */

/* Begin PBXContainerItemProxy section */
		13E22BDC2BA2D6E300008F23 /* PBXContainerItemProxy */ = {
			isa = PBXContainerItemProxy;
			containerPortal = 13E22BC32BA2D6E100008F23 /* Project object */;
			proxyType = 1;
			remoteGlobalIDString = 13E22BCA2BA2D6E100008F23;
			remoteInfo = "TicTacToe Game";
		};
		13E22BE62BA2D6E300008F23 /* PBXContainerItemProxy */ = {
			isa = PBXContainerItemProxy;
			containerPortal = 13E22BC32BA2D6E100008F23 /* Project object */;
			proxyType = 1;
			remoteGlobalIDString = 13E22BCA2BA2D6E100008F23;
			remoteInfo = "TicTacToe Game";
		};
/* End PBXContainerItemProxy section */

/* Begin PBXFileReference section */
		13E22BCB2BA2D6E100008F23 /* TicTacToe Game.app */ = {isa = PBXFileReference; explicitFileType = wrapper.application; includeInIndex = 0; path = "TicTacToe Game.app"; sourceTree = BUILT_PRODUCTS_DIR; };
		13E22BCE2BA2D6E100008F23 /* TicTacToe_GameApp.swift */ = {isa = PBXFileReference; lastKnownFileType = sourcecode.swift; path = TicTacToe_GameApp.swift; sourceTree = "<group>"; };
		13E22BD02BA2D6E100008F23 /* ContentView.swift */ = {isa = PBXFileReference; lastKnownFileType = sourcecode.swift; path = ContentView.swift; sourceTree = "<group>"; };
		13E22BD22BA2D6E300008F23 /* Assets.xcassets */ = {isa = PBXFileReference; lastKnownFileType = folder.assetcatalog; path = Assets.xcassets; sourceTree = "<group>"; };
		13E22BD52BA2D6E300008F23 /* Preview Assets.xcassets */ = {isa = PBXFileReference; lastKnownFileType = folder.assetcatalog; path = "Preview Assets.xcassets"; sourceTree = "<group>"; };
		13E22BDB2BA2D6E300008F23 /* TicTacToe GameTests.xctest */ = {isa = PBXFileReference; explicitFileType = wrapper.cfbundle; includeInIndex = 0; path = "TicTacToe GameTests.xctest"; sourceTree = BUILT_PRODUCTS_DIR; };
		13E22BDF2BA2D6E300008F23 /* TicTacToe_GameTests.swift */ = {isa = PBXFileReference; lastKnownFileType = sourcecode.swift; path = TicTacToe_GameTests.swift; sourceTree = "<group>"; };
		13E22BE52BA2D6E300008F23 /* TicTacToe GameUITests.xctest */ = {isa = PBXFileReference; explicitFileType = wrapper.cfbundle; includeInIndex = 0; path = "TicTacToe GameUITests.xctest"; sourceTree = BUILT_PRODUCTS_DIR; };
		13E22BE92BA2D6E300008F23 /* TicTacToe_GameUITests.swift */ = {isa = PBXFileReference; lastKnownFileType = sourcecode.swift; path = TicTacToe_GameUITests.swift; sourceTree = "<group>"; };
		13E22BEB2BA2D6E300008F23 /* TicTacToe_GameUITestsLaunchTests.swift */ = {isa = PBXFileReference; lastKnownFileType = sourcecode.swift; path = TicTacToe_GameUITestsLaunchTests.swift; sourceTree = "<group>"; };
		13E22BF82BA2D9F900008F23 /* GameLogic.swift */ = {isa = PBXFileReference; lastKnownFileType = sourcecode.swift; path = GameLogic.swift; sourceTree = "<group>"; };
/* End PBXFileReference section */

/* Begin PBXFrameworksBuildPhase section */
		13E22BC82BA2D6E100008F23 /* Frameworks */ = {
			isa = PBXFrameworksBuildPhase;
			buildActionMask = 2147483647;
			files = (
			);
			runOnlyForDeploymentPostprocessing = 0;
		};
		13E22BD82BA2D6E300008F23 /* Frameworks */ = {
			isa = PBXFrameworksBuildPhase;
			buildActionMask = 2147483647;
			files = (
			);
			runOnlyForDeploymentPostprocessing = 0;
		};
		13E22BE22BA2D6E300008F23 /* Frameworks */ = {
			isa = PBXFrameworksBuildPhase;
			buildActionMask = 2147483647;
			files = (
			);
			runOnlyForDeploymentPostprocessing = 0;
		};
/* End PBXFrameworksBuildPhase section */

/* Begin PBXGroup section */
		13E22BC22BA2D6E100008F23 = {
			isa = PBXGroup;
			children = (
				13E22BCD2BA2D6E100008F23 /* TicTacToe Game */,
				13E22BDE2BA2D6E300008F23 /* TicTacToe GameTests */,
				13E22BE82BA2D6E300008F23 /* TicTacToe GameUITests */,
				13E22BCC2BA2D6E100008F23 /* Products */,
			);
			sourceTree = "<group>";
		};
		13E22BCC2BA2D6E100008F23 /* Products */ = {
			isa = PBXGroup;
			children = (
				13E22BCB2BA2D6E100008F23 /* TicTacToe Game.app */,
				13E22BDB2BA2D6E300008F23 /* TicTacToe GameTests.xctest */,
				13E22BE52BA2D6E300008F23 /* TicTacToe GameUITests.xctest */,
			);
			name = Products;
			sourceTree = "<group>";
		};
		13E22BCD2BA2D6E100008F23 /* TicTacToe Game */ = {
			isa = PBXGroup;
			children = (
				13E22BCE2BA2D6E100008F23 /* TicTacToe_GameApp.swift */,
				13E22BF82BA2D9F900008F23 /* GameLogic.swift */,
				13E22BD02BA2D6E100008F23 /* ContentView.swift */,
				13E22BD22BA2D6E300008F23 /* Assets.xcassets */,
				13E22BD42BA2D6E300008F23 /* Preview Content */,
			);
			path = "TicTacToe Game";
			sourceTree = "<group>";
		};
		13E22BD42BA2D6E300008F23 /* Preview Content */ = {
			isa = PBXGroup;
			children = (
				13E22BD52BA2D6E300008F23 /* Preview Assets.xcassets */,
			);
			path = "Preview Content";
			sourceTree = "<group>";
		};
		13E22BDE2BA2D6E300008F23 /* TicTacToe GameTests */ = {
			isa = PBXGroup;
			children = (
				13E22BDF2BA2D6E300008F23 /* TicTacToe_GameTests.swift */,
			);
			path = "TicTacToe GameTests";
			sourceTree = "<group>";
		};
		13E22BE82BA2D6E300008F23 /* TicTacToe GameUITests */ = {
			isa = PBXGroup;
			children = (
				13E22BE92BA2D6E300008F23 /* TicTacToe_GameUITests.swift */,
				13E22BEB2BA2D6E300008F23 /* TicTacToe_GameUITestsLaunchTests.swift */,
			);
			path = "TicTacToe GameUITests";
			sourceTree = "<group>";
		};
/* End PBXGroup section */

/* Begin PBXNativeTarget section */
		13E22BCA2BA2D6E100008F23 /* TicTacToe Game */ = {
			isa = PBXNativeTarget;
			buildConfigurationList = 13E22BEF2BA2D6E300008F23 /* Build configuration list for PBXNativeTarget "TicTacToe Game" */;
			buildPhases = (
				13E22BC72BA2D6E100008F23 /* Sources */,
				13E22BC82BA2D6E100008F23 /* Frameworks */,
				13E22BC92BA2D6E100008F23 /* Resources */,
			);
			buildRules = (
			);
			dependencies = (
			);
			name = "TicTacToe Game";
			productName = "TicTacToe Game";
			productReference = 13E22BCB2BA2D6E100008F23 /* TicTacToe Game.app */;
			productType = "com.apple.product-type.application";
		};
		13E22BDA2BA2D6E300008F23 /* TicTacToe GameTests */ = {
			isa = PBXNativeTarget;
			buildConfigurationList = 13E22BF22BA2D6E300008F23 /* Build configuration list for PBXNativeTarget "TicTacToe GameTests" */;
			buildPhases = (
				13E22BD72BA2D6E300008F23 /* Sources */,
				13E22BD82BA2D6E300008F23 /* Frameworks */,
				13E22BD92BA2D6E300008F23 /* Resources */,
			);
			buildRules = (
			);
			dependencies = (
				13E22BDD2BA2D6E300008F23 /* PBXTargetDependency */,
			);
			name = "TicTacToe GameTests";
			productName = "TicTacToe GameTests";
			productReference = 13E22BDB2BA2D6E300008F23 /* TicTacToe GameTests.xctest */;
			productType = "com.apple.product-type.bundle.unit-test";
		};
		13E22BE42BA2D6E300008F23 /* TicTacToe GameUITests */ = {
			isa = PBXNativeTarget;
			buildConfigurationList = 13E22BF52BA2D6E300008F23 /* Build configuration list for PBXNativeTarget "TicTacToe GameUITests" */;
			buildPhases = (
				13E22BE12BA2D6E300008F23 /* Sources */,
				13E22BE22BA2D6E300008F23 /* Frameworks */,
				13E22BE32BA2D6E300008F23 /* Resources */,
			);
			buildRules = (
			);
			dependencies = (
				13E22BE72BA2D6E300008F23 /* PBXTargetDependency */,
			);
			name = "TicTacToe GameUITests";
			productName = "TicTacToe GameUITests";
			productReference = 13E22BE52BA2D6E300008F23 /* TicTacToe GameUITests.xctest */;
			productType = "com.apple.product-type.bundle.ui-testing";
		};
/* End PBXNativeTarget section */

/* Begin PBXProject section */
		13E22BC32BA2D6E100008F23 /* Project object */ = {
			isa = PBXProject;
			attributes = {
				BuildIndependentTargetsInParallel = 1;
				LastSwiftUpdateCheck = 1530;
				LastUpgradeCheck = 1530;
				TargetAttributes = {
					13E22BCA2BA2D6E100008F23 = {
						CreatedOnToolsVersion = 15.3;
					};
					13E22BDA2BA2D6E300008F23 = {
						CreatedOnToolsVersion = 15.3;
						TestTargetID = 13E22BCA2BA2D6E100008F23;
					};
					13E22BE42BA2D6E300008F23 = {
						CreatedOnToolsVersion = 15.3;
						TestTargetID = 13E22BCA2BA2D6E100008F23;
					};
				};
			};
			buildConfigurationList = 13E22BC62BA2D6E100008F23 /* Build configuration list for PBXProject "TicTacToe Game" */;
			compatibilityVersion = "Xcode 14.0";
			developmentRegion = en;
			hasScannedForEncodings = 0;
			knownRegions = (
				en,
				Base,
			);
			mainGroup = 13E22BC22BA2D6E100008F23;
			productRefGroup = 13E22BCC2BA2D6E100008F23 /* Products */;
			projectDirPath = "";
			projectRoot = "";
			targets = (
				13E22BCA2BA2D6E100008F23 /* TicTacToe Game */,
				13E22BDA2BA2D6E300008F23 /* TicTacToe GameTests */,
				13E22BE42BA2D6E300008F23 /* TicTacToe GameUITests */,
			);
		};
/* End PBXProject section */

/* Begin PBXResourcesBuildPhase section */
		13E22BC92BA2D6E100008F23 /* Resources */ = {
			isa = PBXResourcesBuildPhase;
			buildActionMask = 2147483647;
			files = (
				13E22BD62BA2D6E300008F23 /* Preview Assets.xcassets in Resources */,
				13E22BD32BA2D6E300008F23 /* Assets.xcassets in Resources */,
			);
			runOnlyForDeploymentPostprocessing = 0;
		};
		13E22BD92BA2D6E300008F23 /* Resources */ = {
			isa = PBXResourcesBuildPhase;
			buildActionMask = 2147483647;
			files = (
			);
			runOnlyForDeploymentPostprocessing = 0;
		};
		13E22BE32BA2D6E300008F23 /* Resources */ = {
			isa = PBXResourcesBuildPhase;
			buildActionMask = 2147483647;
			files = (
			);
			runOnlyForDeploymentPostprocessing = 0;
		};
/* End PBXResourcesBuildPhase section */

/* Begin PBXSourcesBuildPhase section */
		13E22BC72BA2D6E100008F23 /* Sources */ = {
			isa = PBXSourcesBuildPhase;
			buildActionMask = 2147483647;
			files = (
				13E22BF92BA2D9F900008F23 /* GameLogic.swift in Sources */,
				13E22BD12BA2D6E100008F23 /* ContentView.swift in Sources */,
				13E22BCF2BA2D6E100008F23 /* TicTacToe_GameApp.swift in Sources */,
			);
			runOnlyForDeploymentPostprocessing = 0;
		};
		13E22BD72BA2D6E300008F23 /* Sources */ = {
			isa = PBXSourcesBuildPhase;
			buildActionMask = 2147483647;
			files = (
				13E22BE02BA2D6E300008F23 /* TicTacToe_GameTests.swift in Sources */,
			);
			runOnlyForDeploymentPostprocessing = 0;
		};
		13E22BE12BA2D6E300008F23 /* Sources */ = {
			isa = PBXSourcesBuildPhase;
			buildActionMask = 2147483647;
			files = (
				13E22BEA2BA2D6E300008F23 /* TicTacToe_GameUITests.swift in Sources */,
				13E22BEC2BA2D6E300008F23 /* TicTacToe_GameUITestsLaunchTests.swift in Sources */,
			);
			runOnlyForDeploymentPostprocessing = 0;
		};
/* End PBXSourcesBuildPhase section */

/* Begin PBXTargetDependency section */
		13E22BDD2BA2D6E300008F23 /* PBXTargetDependency */ = {
			isa = PBXTargetDependency;
			target = 13E22BCA2BA2D6E100008F23 /* TicTacToe Game */;
			targetProxy = 13E22BDC2BA2D6E300008F23 /* PBXContainerItemProxy */;
		};
		13E22BE72BA2D6E300008F23 /* PBXTargetDependency */ = {
			isa = PBXTargetDependency;
			target = 13E22BCA2BA2D6E100008F23 /* TicTacToe Game */;
			targetProxy = 13E22BE62BA2D6E300008F23 /* PBXContainerItemProxy */;
		};
/* End PBXTargetDependency section */

/* Begin XCBuildConfiguration section */
		13E22BED2BA2D6E300008F23 /* Debug */ = {
			isa = XCBuildConfiguration;
			buildSettings = {
				ALWAYS_SEARCH_USER_PATHS = NO;
				ASSETCATALOG_COMPILER_GENERATE_SWIFT_ASSET_SYMBOL_EXTENSIONS = YES;
				CLANG_ANALYZER_NONNULL = YES;
				CLANG_ANALYZER_NUMBER_OBJECT_CONVERSION = YES_AGGRESSIVE;
				CLANG_CXX_LANGUAGE_STANDARD = "gnu++20";
				CLANG_ENABLE_MODULES = YES;
				CLANG_ENABLE_OBJC_ARC = YES;
				CLANG_ENABLE_OBJC_WEAK = YES;
				CLANG_WARN_BLOCK_CAPTURE_AUTORELEASING = YES;
				CLANG_WARN_BOOL_CONVERSION = YES;
				CLANG_WARN_COMMA = YES;
				CLANG_WARN_CONSTANT_CONVERSION = YES;
				CLANG_WARN_DEPRECATED_OBJC_IMPLEMENTATIONS = YES;
				CLANG_WARN_DIRECT_OBJC_ISA_USAGE = YES_ERROR;
				CLANG_WARN_DOCUMENTATION_COMMENTS = YES;
				CLANG_WARN_EMPTY_BODY = YES;
				CLANG_WARN_ENUM_CONVERSION = YES;
				CLANG_WARN_INFINITE_RECURSION = YES;
				CLANG_WARN_INT_CONVERSION = YES;
				CLANG_WARN_NON_LITERAL_NULL_CONVERSION = YES;
				CLANG_WARN_OBJC_IMPLICIT_RETAIN_SELF = YES;
				CLANG_WARN_OBJC_LITERAL_CONVERSION = YES;
				CLANG_WARN_OBJC_ROOT_CLASS = YES_ERROR;
				CLANG_WARN_QUOTED_INCLUDE_IN_FRAMEWORK_HEADER = YES;
				CLANG_WARN_RANGE_LOOP_ANALYSIS = YES;
				CLANG_WARN_STRICT_PROTOTYPES = YES;
				CLANG_WARN_SUSPICIOUS_MOVE = YES;
				CLANG_WARN_UNGUARDED_AVAILABILITY = YES_AGGRESSIVE;
				CLANG_WARN_UNREACHABLE_CODE = YES;
				CLANG_WARN__DUPLICATE_METHOD_MATCH = YES;
				COPY_PHASE_STRIP = NO;
				DEBUG_INFORMATION_FORMAT = dwarf;
				ENABLE_STRICT_OBJC_MSGSEND = YES;
				ENABLE_TESTABILITY = YES;
				ENABLE_USER_SCRIPT_SANDBOXING = YES;
				GCC_C_LANGUAGE_STANDARD = gnu17;
				GCC_DYNAMIC_NO_PIC = NO;
				GCC_NO_COMMON_BLOCKS = YES;
				GCC_OPTIMIZATION_LEVEL = 0;
				GCC_PREPROCESSOR_DEFINITIONS = (
					"DEBUG=1",
					"$(inherited)",
				);
				GCC_WARN_64_TO_32_BIT_CONVERSION = YES;
				GCC_WARN_ABOUT_RETURN_TYPE = YES_ERROR;
				GCC_WARN_UNDECLARED_SELECTOR = YES;
				GCC_WARN_UNINITIALIZED_AUTOS = YES_AGGRESSIVE;
				GCC_WARN_UNUSED_FUNCTION = YES;
				GCC_WARN_UNUSED_VARIABLE = YES;
				IPHONEOS_DEPLOYMENT_TARGET = 17.4;
				LOCALIZATION_PREFERS_STRING_CATALOGS = YES;
				MTL_ENABLE_DEBUG_INFO = INCLUDE_SOURCE;
				MTL_FAST_MATH = YES;
				ONLY_ACTIVE_ARCH = YES;
				SDKROOT = iphoneos;
				SWIFT_ACTIVE_COMPILATION_CONDITIONS = "DEBUG $(inherited)";
				SWIFT_OPTIMIZATION_LEVEL = "-Onone";
			};
			name = Debug;
		};
		13E22BEE2BA2D6E300008F23 /* Release */ = {
			isa = XCBuildConfiguration;
			buildSettings = {
				ALWAYS_SEARCH_USER_PATHS = NO;
				ASSETCATALOG_COMPILER_GENERATE_SWIFT_ASSET_SYMBOL_EXTENSIONS = YES;
				CLANG_ANALYZER_NONNULL = YES;
				CLANG_ANALYZER_NUMBER_OBJECT_CONVERSION = YES_AGGRESSIVE;
				CLANG_CXX_LANGUAGE_STANDARD = "gnu++20";
				CLANG_ENABLE_MODULES = YES;
				CLANG_ENABLE_OBJC_ARC = YES;
				CLANG_ENABLE_OBJC_WEAK = YES;
				CLANG_WARN_BLOCK_CAPTURE_AUTORELEASING = YES;
				CLANG_WARN_BOOL_CONVERSION = YES;
				CLANG_WARN_COMMA = YES;
				CLANG_WARN_CONSTANT_CONVERSION = YES;
				CLANG_WARN_DEPRECATED_OBJC_IMPLEMENTATIONS = YES;
				CLANG_WARN_DIRECT_OBJC_ISA_USAGE = YES_ERROR;
				CLANG_WARN_DOCUMENTATION_COMMENTS = YES;
				CLANG_WARN_EMPTY_BODY = YES;
				CLANG_WARN_ENUM_CONVERSION = YES;
				CLANG_WARN_INFINITE_RECURSION = YES;
				CLANG_WARN_INT_CONVERSION = YES;
				CLANG_WARN_NON_LITERAL_NULL_CONVERSION = YES;
				CLANG_WARN_OBJC_IMPLICIT_RETAIN_SELF = YES;
				CLANG_WARN_OBJC_LITERAL_CONVERSION = YES;
				CLANG_WARN_OBJC_ROOT_CLASS = YES_ERROR;
				CLANG_WARN_QUOTED_INCLUDE_IN_FRAMEWORK_HEADER = YES;
				CLANG_WARN_RANGE_LOOP_ANALYSIS = YES;
				CLANG_WARN_STRICT_PROTOTYPES = YES;
				CLANG_WARN_SUSPICIOUS_MOVE = YES;
				CLANG_WARN_UNGUARDED_AVAILABILITY = YES_AGGRESSIVE;
				CLANG_WARN_UNREACHABLE_CODE = YES;
				CLANG_WARN__DUPLICATE_METHOD_MATCH = YES;
				COPY_PHASE_STRIP = NO;
				DEBUG_INFORMATION_FORMAT = "dwarf-with-dsym";
				ENABLE_NS_ASSERTIONS = NO;
				ENABLE_STRICT_OBJC_MSGSEND = YES;
				ENABLE_USER_SCRIPT_SANDBOXING = YES;
				GCC_C_LANGUAGE_STANDARD = gnu17;
				GCC_NO_COMMON_BLOCKS = YES;
				GCC_WARN_64_TO_32_BIT_CONVERSION = YES;
				GCC_WARN_ABOUT_RETURN_TYPE = YES_ERROR;
				GCC_WARN_UNDECLARED_SELECTOR = YES;
				GCC_WARN_UNINITIALIZED_AUTOS = YES_AGGRESSIVE;
				GCC_WARN_UNUSED_FUNCTION = YES;
				GCC_WARN_UNUSED_VARIABLE = YES;
				IPHONEOS_DEPLOYMENT_TARGET = 17.4;
				LOCALIZATION_PREFERS_STRING_CATALOGS = YES;
				MTL_ENABLE_DEBUG_INFO = NO;
				MTL_FAST_MATH = YES;
				SDKROOT = iphoneos;
				SWIFT_COMPILATION_MODE = wholemodule;
				VALIDATE_PRODUCT = YES;
			};
			name = Release;
		};
		13E22BF02BA2D6E300008F23 /* Debug */ = {
			isa = XCBuildConfiguration;
			buildSettings = {
				ASSETCATALOG_COMPILER_APPICON_NAME = AppIcon;
				ASSETCATALOG_COMPILER_GLOBAL_ACCENT_COLOR_NAME = AccentColor;
				CODE_SIGN_STYLE = Automatic;
				CURRENT_PROJECT_VERSION = 1;
				DEVELOPMENT_ASSET_PATHS = "\"TicTacToe Game/Preview Content\"";
				DEVELOPMENT_TEAM = 492AH5CTX9;
				ENABLE_PREVIEWS = YES;
				GENERATE_INFOPLIST_FILE = YES;
				INFOPLIST_KEY_UIApplicationSceneManifest_Generation = YES;
				INFOPLIST_KEY_UIApplicationSupportsIndirectInputEvents = YES;
				INFOPLIST_KEY_UILaunchScreen_Generation = YES;
				INFOPLIST_KEY_UISupportedInterfaceOrientations_iPad = "UIInterfaceOrientationPortrait UIInterfaceOrientationPortraitUpsideDown UIInterfaceOrientationLandscapeLeft UIInterfaceOrientationLandscapeRight";
				INFOPLIST_KEY_UISupportedInterfaceOrientations_iPhone = "UIInterfaceOrientationPortrait UIInterfaceOrientationLandscapeLeft UIInterfaceOrientationLandscapeRight";
				LD_RUNPATH_SEARCH_PATHS = (
					"$(inherited)",
					"@executable_path/Frameworks",
				);
				MARKETING_VERSION = 1.0;
				PRODUCT_BUNDLE_IDENTIFIER = "Tutorial.TicTacToe-Game";
				PRODUCT_NAME = "$(TARGET_NAME)";
				SWIFT_EMIT_LOC_STRINGS = YES;
				SWIFT_VERSION = 5.0;
				TARGETED_DEVICE_FAMILY = "1,2";
			};
			name = Debug;
		};
		13E22BF12BA2D6E300008F23 /* Release */ = {
			isa = XCBuildConfiguration;
			buildSettings = {
				ASSETCATALOG_COMPILER_APPICON_NAME = AppIcon;
				ASSETCATALOG_COMPILER_GLOBAL_ACCENT_COLOR_NAME = AccentColor;
				CODE_SIGN_STYLE = Automatic;
				CURRENT_PROJECT_VERSION = 1;
				DEVELOPMENT_ASSET_PATHS = "\"TicTacToe Game/Preview Content\"";
				DEVELOPMENT_TEAM = 492AH5CTX9;
				ENABLE_PREVIEWS = YES;
				GENERATE_INFOPLIST_FILE = YES;
				INFOPLIST_KEY_UIApplicationSceneManifest_Generation = YES;
				INFOPLIST_KEY_UIApplicationSupportsIndirectInputEvents = YES;
				INFOPLIST_KEY_UILaunchScreen_Generation = YES;
				INFOPLIST_KEY_UISupportedInterfaceOrientations_iPad = "UIInterfaceOrientationPortrait UIInterfaceOrientationPortraitUpsideDown UIInterfaceOrientationLandscapeLeft UIInterfaceOrientationLandscapeRight";
				INFOPLIST_KEY_UISupportedInterfaceOrientations_iPhone = "UIInterfaceOrientationPortrait UIInterfaceOrientationLandscapeLeft UIInterfaceOrientationLandscapeRight";
				LD_RUNPATH_SEARCH_PATHS = (
					"$(inherited)",
					"@executable_path/Frameworks",
				);
				MARKETING_VERSION = 1.0;
				PRODUCT_BUNDLE_IDENTIFIER = "Tutorial.TicTacToe-Game";
				PRODUCT_NAME = "$(TARGET_NAME)";
				SWIFT_EMIT_LOC_STRINGS = YES;
				SWIFT_VERSION = 5.0;
				TARGETED_DEVICE_FAMILY = "1,2";
			};
			name = Release;
		};
		13E22BF32BA2D6E300008F23 /* Debug */ = {
			isa = XCBuildConfiguration;
			buildSettings = {
				ALWAYS_EMBED_SWIFT_STANDARD_LIBRARIES = YES;
				BUNDLE_LOADER = "$(TEST_HOST)";
				CODE_SIGN_STYLE = Automatic;
				CURRENT_PROJECT_VERSION = 1;
				DEVELOPMENT_TEAM = 492AH5CTX9;
				GENERATE_INFOPLIST_FILE = YES;
				IPHONEOS_DEPLOYMENT_TARGET = 17.4;
				MARKETING_VERSION = 1.0;
				PRODUCT_BUNDLE_IDENTIFIER = "Tutorial.TicTacToe-GameTests";
				PRODUCT_NAME = "$(TARGET_NAME)";
				SWIFT_EMIT_LOC_STRINGS = NO;
				SWIFT_VERSION = 5.0;
				TARGETED_DEVICE_FAMILY = "1,2";
				TEST_HOST = "$(BUILT_PRODUCTS_DIR)/TicTacToe Game.app/$(BUNDLE_EXECUTABLE_FOLDER_PATH)/TicTacToe Game";
			};
			name = Debug;
		};
		13E22BF42BA2D6E300008F23 /* Release */ = {
			isa = XCBuildConfiguration;
			buildSettings = {
				ALWAYS_EMBED_SWIFT_STANDARD_LIBRARIES = YES;
				BUNDLE_LOADER = "$(TEST_HOST)";
				CODE_SIGN_STYLE = Automatic;
				CURRENT_PROJECT_VERSION = 1;
				DEVELOPMENT_TEAM = 492AH5CTX9;
				GENERATE_INFOPLIST_FILE = YES;
				IPHONEOS_DEPLOYMENT_TARGET = 17.4;
				MARKETING_VERSION = 1.0;
				PRODUCT_BUNDLE_IDENTIFIER = "Tutorial.TicTacToe-GameTests";
				PRODUCT_NAME = "$(TARGET_NAME)";
				SWIFT_EMIT_LOC_STRINGS = NO;
				SWIFT_VERSION = 5.0;
				TARGETED_DEVICE_FAMILY = "1,2";
				TEST_HOST = "$(BUILT_PRODUCTS_DIR)/TicTacToe Game.app/$(BUNDLE_EXECUTABLE_FOLDER_PATH)/TicTacToe Game";
			};
			name = Release;
		};
		13E22BF62BA2D6E300008F23 /* Debug */ = {
			isa = XCBuildConfiguration;
			buildSettings = {
				ALWAYS_EMBED_SWIFT_STANDARD_LIBRARIES = YES;
				CODE_SIGN_STYLE = Automatic;
				CURRENT_PROJECT_VERSION = 1;
				DEVELOPMENT_TEAM = 492AH5CTX9;
				GENERATE_INFOPLIST_FILE = YES;
				MARKETING_VERSION = 1.0;
				PRODUCT_BUNDLE_IDENTIFIER = "Tutorial.TicTacToe-GameUITests";
				PRODUCT_NAME = "$(TARGET_NAME)";
				SWIFT_EMIT_LOC_STRINGS = NO;
				SWIFT_VERSION = 5.0;
				TARGETED_DEVICE_FAMILY = "1,2";
				TEST_TARGET_NAME = "TicTacToe Game";
			};
			name = Debug;
		};
		13E22BF72BA2D6E300008F23 /* Release */ = {
			isa = XCBuildConfiguration;
			buildSettings = {
				ALWAYS_EMBED_SWIFT_STANDARD_LIBRARIES = YES;
				CODE_SIGN_STYLE = Automatic;
				CURRENT_PROJECT_VERSION = 1;
				DEVELOPMENT_TEAM = 492AH5CTX9;
				GENERATE_INFOPLIST_FILE = YES;
				MARKETING_VERSION = 1.0;
				PRODUCT_BUNDLE_IDENTIFIER = "Tutorial.TicTacToe-GameUITests";
				PRODUCT_NAME = "$(TARGET_NAME)";
				SWIFT_EMIT_LOC_STRINGS = NO;
				SWIFT_VERSION = 5.0;
				TARGETED_DEVICE_FAMILY = "1,2";
				TEST_TARGET_NAME = "TicTacToe Game";
			};
			name = Release;
		};
/* End XCBuildConfiguration section */

/* Begin XCConfigurationList section */
		13E22BC62BA2D6E100008F23 /* Build configuration list for PBXProject "TicTacToe Game" */ = {
			isa = XCConfigurationList;
			buildConfigurations = (
				13E22BED2BA2D6E300008F23 /* Debug */,
				13E22BEE2BA2D6E300008F23 /* Release */,
			);
			defaultConfigurationIsVisible = 0;
			defaultConfigurationName = Release;
		};
		13E22BEF2BA2D6E300008F23 /* Build configuration list for PBXNativeTarget "TicTacToe Game" */ = {
			isa = XCConfigurationList;
			buildConfigurations = (
				13E22BF02BA2D6E300008F23 /* Debug */,
				13E22BF12BA2D6E300008F23 /* Release */,
			);
			defaultConfigurationIsVisible = 0;
			defaultConfigurationName = Release;
		};
		13E22BF22BA2D6E300008F23 /* Build configuration list for PBXNativeTarget "TicTacToe GameTests" */ = {
			isa = XCConfigurationList;
			buildConfigurations = (
				13E22BF32BA2D6E300008F23 /* Debug */,
				13E22BF42BA2D6E300008F23 /* Release */,
			);
			defaultConfigurationIsVisible = 0;
			defaultConfigurationName = Release;
		};
		13E22BF52BA2D6E300008F23 /* Build configuration list for PBXNativeTarget "TicTacToe GameUITests" */ = {
			isa = XCConfigurationList;
			buildConfigurations = (
				13E22BF62BA2D6E300008F23 /* Debug */,
				13E22BF72BA2D6E300008F23 /* Release */,
			);
			defaultConfigurationIsVisible = 0;
			defaultConfigurationName = Release;
		};
/* End XCConfigurationList section */
	};
	rootObject = 13E22BC32BA2D6E100008F23 /* Project object */;
}
